// !$*UTF8*$!
{
	archiveVersion = 1;
	classes = {
	};
	objectVersion = 50;
	objects = {

/* Begin PBXBuildFile section */
		C1C394162456844000234A53 /* AppDelegate.swift in Sources */ = {isa = PBXBuildFile; fileRef = C1C394152456844000234A53 /* AppDelegate.swift */; };
		C1C394182456844000234A53 /* SceneDelegate.swift in Sources */ = {isa = PBXBuildFile; fileRef = C1C394172456844000234A53 /* SceneDelegate.swift */; };
		C1C3941A2456844000234A53 /* ViewController.swift in Sources */ = {isa = PBXBuildFile; fileRef = C1C394192456844000234A53 /* ViewController.swift */; };
		C1C3941D2456844000234A53 /* Main.storyboard in Resources */ = {isa = PBXBuildFile; fileRef = C1C3941B2456844000234A53 /* Main.storyboard */; };
		C1C3941F2456844200234A53 /* Assets.xcassets in Resources */ = {isa = PBXBuildFile; fileRef = C1C3941E2456844200234A53 /* Assets.xcassets */; };
		C1C394222456844200234A53 /* LaunchScreen.storyboard in Resources */ = {isa = PBXBuildFile; fileRef = C1C394202456844200234A53 /* LaunchScreen.storyboard */; };
		C1C394342457BCDA00234A53 /* nssl0049.jpg in Resources */ = {isa = PBXBuildFile; fileRef = C1C3942A2457BCDA00234A53 /* nssl0049.jpg */; };
		C1C394352457BCDA00234A53 /* nssl0046.jpg in Resources */ = {isa = PBXBuildFile; fileRef = C1C3942B2457BCDA00234A53 /* nssl0046.jpg */; };
		C1C394362457BCDA00234A53 /* nssl0091.jpg in Resources */ = {isa = PBXBuildFile; fileRef = C1C3942C2457BCDA00234A53 /* nssl0091.jpg */; };
		C1C394372457BCDA00234A53 /* nssl0045.jpg in Resources */ = {isa = PBXBuildFile; fileRef = C1C3942D2457BCDA00234A53 /* nssl0045.jpg */; };
		C1C394382457BCDA00234A53 /* nssl0051.jpg in Resources */ = {isa = PBXBuildFile; fileRef = C1C3942E2457BCDA00234A53 /* nssl0051.jpg */; };
		C1C394392457BCDA00234A53 /* nssl0041.jpg in Resources */ = {isa = PBXBuildFile; fileRef = C1C3942F2457BCDA00234A53 /* nssl0041.jpg */; };
		C1C3943A2457BCDA00234A53 /* nssl0042.jpg in Resources */ = {isa = PBXBuildFile; fileRef = C1C394302457BCDA00234A53 /* nssl0042.jpg */; };
		C1C3943B2457BCDA00234A53 /* nssl0043.jpg in Resources */ = {isa = PBXBuildFile; fileRef = C1C394312457BCDA00234A53 /* nssl0043.jpg */; };
		C1C3943C2457BCDA00234A53 /* nssl0033.jpg in Resources */ = {isa = PBXBuildFile; fileRef = C1C394322457BCDA00234A53 /* nssl0033.jpg */; };
		C1C3943D2457BCDA00234A53 /* nssl0034.jpg in Resources */ = {isa = PBXBuildFile; fileRef = C1C394332457BCDA00234A53 /* nssl0034.jpg */; };
		C1C3943F245A9B6D00234A53 /* DetailViewController.swift in Sources */ = {isa = PBXBuildFile; fileRef = C1C3943E245A9B6D00234A53 /* DetailViewController.swift */; };
/* End PBXBuildFile section */

/* Begin PBXFileReference section */
		C1C394122456844000234A53 /* Project1.app */ = {isa = PBXFileReference; explicitFileType = wrapper.application; includeInIndex = 0; path = Project1.app; sourceTree = BUILT_PRODUCTS_DIR; };
		C1C394152456844000234A53 /* AppDelegate.swift */ = {isa = PBXFileReference; lastKnownFileType = sourcecode.swift; path = AppDelegate.swift; sourceTree = "<group>"; };
		C1C394172456844000234A53 /* SceneDelegate.swift */ = {isa = PBXFileReference; lastKnownFileType = sourcecode.swift; path = SceneDelegate.swift; sourceTree = "<group>"; };
		C1C394192456844000234A53 /* ViewController.swift */ = {isa = PBXFileReference; lastKnownFileType = sourcecode.swift; path = ViewController.swift; sourceTree = "<group>"; };
		C1C3941C2456844000234A53 /* Base */ = {isa = PBXFileReference; lastKnownFileType = file.storyboard; name = Base; path = Base.lproj/Main.storyboard; sourceTree = "<group>"; };
		C1C3941E2456844200234A53 /* Assets.xcassets */ = {isa = PBXFileReference; lastKnownFileType = folder.assetcatalog; path = Assets.xcassets; sourceTree = "<group>"; };
		C1C394212456844200234A53 /* Base */ = {isa = PBXFileReference; lastKnownFileType = file.storyboard; name = Base; path = Base.lproj/LaunchScreen.storyboard; sourceTree = "<group>"; };
		C1C394232456844200234A53 /* Info.plist */ = {isa = PBXFileReference; lastKnownFileType = text.plist.xml; path = Info.plist; sourceTree = "<group>"; };
		C1C3942A2457BCDA00234A53 /* nssl0049.jpg */ = {isa = PBXFileReference; lastKnownFileType = image.jpeg; path = nssl0049.jpg; sourceTree = "<group>"; };
		C1C3942B2457BCDA00234A53 /* nssl0046.jpg */ = {isa = PBXFileReference; lastKnownFileType = image.jpeg; path = nssl0046.jpg; sourceTree = "<group>"; };
		C1C3942C2457BCDA00234A53 /* nssl0091.jpg */ = {isa = PBXFileReference; lastKnownFileType = image.jpeg; path = nssl0091.jpg; sourceTree = "<group>"; };
		C1C3942D2457BCDA00234A53 /* nssl0045.jpg */ = {isa = PBXFileReference; lastKnownFileType = image.jpeg; path = nssl0045.jpg; sourceTree = "<group>"; };
		C1C3942E2457BCDA00234A53 /* nssl0051.jpg */ = {isa = PBXFileReference; lastKnownFileType = image.jpeg; path = nssl0051.jpg; sourceTree = "<group>"; };
		C1C3942F2457BCDA00234A53 /* nssl0041.jpg */ = {isa = PBXFileReference; lastKnownFileType = image.jpeg; path = nssl0041.jpg; sourceTree = "<group>"; };
		C1C394302457BCDA00234A53 /* nssl0042.jpg */ = {isa = PBXFileReference; lastKnownFileType = image.jpeg; path = nssl0042.jpg; sourceTree = "<group>"; };
		C1C394312457BCDA00234A53 /* nssl0043.jpg */ = {isa = PBXFileReference; lastKnownFileType = image.jpeg; path = nssl0043.jpg; sourceTree = "<group>"; };
		C1C394322457BCDA00234A53 /* nssl0033.jpg */ = {isa = PBXFileReference; lastKnownFileType = image.jpeg; path = nssl0033.jpg; sourceTree = "<group>"; };
		C1C394332457BCDA00234A53 /* nssl0034.jpg */ = {isa = PBXFileReference; lastKnownFileType = image.jpeg; path = nssl0034.jpg; sourceTree = "<group>"; };
		C1C3943E245A9B6D00234A53 /* DetailViewController.swift */ = {isa = PBXFileReference; lastKnownFileType = sourcecode.swift; path = DetailViewController.swift; sourceTree = "<group>"; };
/* End PBXFileReference section */

/* Begin PBXFrameworksBuildPhase section */
		C1C3940F2456844000234A53 /* Frameworks */ = {
			isa = PBXFrameworksBuildPhase;
			buildActionMask = 2147483647;
			files = (
			);
			runOnlyForDeploymentPostprocessing = 0;
		};
/* End PBXFrameworksBuildPhase section */

/* Begin PBXGroup section */
		C1C394092456843F00234A53 = {
			isa = PBXGroup;
			children = (
				C1C394142456844000234A53 /* Project1 */,
				C1C394132456844000234A53 /* Products */,
			);
			sourceTree = "<group>";
		};
		C1C394132456844000234A53 /* Products */ = {
			isa = PBXGroup;
			children = (
				C1C394122456844000234A53 /* Project1.app */,
			);
			name = Products;
			sourceTree = "<group>";
		};
		C1C394142456844000234A53 /* Project1 */ = {
			isa = PBXGroup;
			children = (
				C1C394152456844000234A53 /* AppDelegate.swift */,
				C1C394172456844000234A53 /* SceneDelegate.swift */,
				C1C394192456844000234A53 /* ViewController.swift */,
				C1C3943E245A9B6D00234A53 /* DetailViewController.swift */,
				C1C3941B2456844000234A53 /* Main.storyboard */,
				C1C3941E2456844200234A53 /* Assets.xcassets */,
				C1C394202456844200234A53 /* LaunchScreen.storyboard */,
				C1C394232456844200234A53 /* Info.plist */,
				C1C394292457BCDA00234A53 /* Content */,
			);
			path = Project1;
			sourceTree = "<group>";
		};
		C1C394292457BCDA00234A53 /* Content */ = {
			isa = PBXGroup;
			children = (
				C1C3942A2457BCDA00234A53 /* nssl0049.jpg */,
				C1C3942B2457BCDA00234A53 /* nssl0046.jpg */,
				C1C3942C2457BCDA00234A53 /* nssl0091.jpg */,
				C1C3942D2457BCDA00234A53 /* nssl0045.jpg */,
				C1C3942E2457BCDA00234A53 /* nssl0051.jpg */,
				C1C3942F2457BCDA00234A53 /* nssl0041.jpg */,
				C1C394302457BCDA00234A53 /* nssl0042.jpg */,
				C1C394312457BCDA00234A53 /* nssl0043.jpg */,
				C1C394322457BCDA00234A53 /* nssl0033.jpg */,
				C1C394332457BCDA00234A53 /* nssl0034.jpg */,
			);
			path = Content;
			sourceTree = "<group>";
		};
/* End PBXGroup section */

/* Begin PBXNativeTarget section */
		C1C394112456844000234A53 /* Project1 */ = {
			isa = PBXNativeTarget;
			buildConfigurationList = C1C394262456844200234A53 /* Build configuration list for PBXNativeTarget "Project1" */;
			buildPhases = (
				C1C3940E2456844000234A53 /* Sources */,
				C1C3940F2456844000234A53 /* Frameworks */,
				C1C394102456844000234A53 /* Resources */,
			);
			buildRules = (
			);
			dependencies = (
			);
			name = Project1;
			productName = Project1;
			productReference = C1C394122456844000234A53 /* Project1.app */;
			productType = "com.apple.product-type.application";
		};
/* End PBXNativeTarget section */

/* Begin PBXProject section */
		C1C3940A2456843F00234A53 /* Project object */ = {
			isa = PBXProject;
			attributes = {
				LastSwiftUpdateCheck = 1140;
				LastUpgradeCheck = 1140;
				ORGANIZATIONNAME = "Christian Tisby";
				TargetAttributes = {
					C1C394112456844000234A53 = {
						CreatedOnToolsVersion = 11.4.1;
					};
				};
			};
			buildConfigurationList = C1C3940D2456843F00234A53 /* Build configuration list for PBXProject "Project1" */;
			compatibilityVersion = "Xcode 9.3";
			developmentRegion = en;
			hasScannedForEncodings = 0;
			knownRegions = (
				en,
				Base,
			);
			mainGroup = C1C394092456843F00234A53;
			productRefGroup = C1C394132456844000234A53 /* Products */;
			projectDirPath = "";
			projectRoot = "";
			targets = (
				C1C394112456844000234A53 /* Project1 */,
			);
		};
/* End PBXProject section */

/* Begin PBXResourcesBuildPhase section */
		C1C394102456844000234A53 /* Resources */ = {
			isa = PBXResourcesBuildPhase;
			buildActionMask = 2147483647;
			files = (
				C1C394352457BCDA00234A53 /* nssl0046.jpg in Resources */,
				C1C3943C2457BCDA00234A53 /* nssl0033.jpg in Resources */,
				C1C394382457BCDA00234A53 /* nssl0051.jpg in Resources */,
				C1C394362457BCDA00234A53 /* nssl0091.jpg in Resources */,
				C1C3943B2457BCDA00234A53 /* nssl0043.jpg in Resources */,
				C1C3943D2457BCDA00234A53 /* nssl0034.jpg in Resources */,
				C1C394342457BCDA00234A53 /* nssl0049.jpg in Resources */,
				C1C394392457BCDA00234A53 /* nssl0041.jpg in Resources */,
				C1C3943A2457BCDA00234A53 /* nssl0042.jpg in Resources */,
				C1C394222456844200234A53 /* LaunchScreen.storyboard in Resources */,
				C1C3941F2456844200234A53 /* Assets.xcassets in Resources */,
				C1C394372457BCDA00234A53 /* nssl0045.jpg in Resources */,
				C1C3941D2456844000234A53 /* Main.storyboard in Resources */,
			);
			runOnlyForDeploymentPostprocessing = 0;
		};
/* End PBXResourcesBuildPhase section */

/* Begin PBXSourcesBuildPhase section */
		C1C3940E2456844000234A53 /* Sources */ = {
			isa = PBXSourcesBuildPhase;
			buildActionMask = 2147483647;
			files = (
				C1C3941A2456844000234A53 /* ViewController.swift in Sources */,
				C1C394162456844000234A53 /* AppDelegate.swift in Sources */,
				C1C394182456844000234A53 /* SceneDelegate.swift in Sources */,
				C1C3943F245A9B6D00234A53 /* DetailViewController.swift in Sources */,
			);
			runOnlyForDeploymentPostprocessing = 0;
		};
/* End PBXSourcesBuildPhase section */

/* Begin PBXVariantGroup section */
		C1C3941B2456844000234A53 /* Main.storyboard */ = {
			isa = PBXVariantGroup;
			children = (
				C1C3941C2456844000234A53 /* Base */,
			);
			name = Main.storyboard;
			sourceTree = "<group>";
		};
		C1C394202456844200234A53 /* LaunchScreen.storyboard */ = {
			isa = PBXVariantGroup;
			children = (
				C1C394212456844200234A53 /* Base */,
			);
			name = LaunchScreen.storyboard;
			sourceTree = "<group>";
		};
/* End PBXVariantGroup section */

/* Begin XCBuildConfiguration section */
		C1C394242456844200234A53 /* Debug */ = {
			isa = XCBuildConfiguration;
			buildSettings = {
				ALWAYS_SEARCH_USER_PATHS = NO;
				CLANG_ANALYZER_NONNULL = YES;
				CLANG_ANALYZER_NUMBER_OBJECT_CONVERSION = YES_AGGRESSIVE;
				CLANG_CXX_LANGUAGE_STANDARD = "gnu++14";
				CLANG_CXX_LIBRARY = "libc++";
				CLANG_ENABLE_MODULES = YES;
				CLANG_ENABLE_OBJC_ARC = YES;
				CLANG_ENABLE_OBJC_WEAK = YES;
				CLANG_WARN_BLOCK_CAPTURE_AUTORELEASING = YES;
				CLANG_WARN_BOOL_CONVERSION = YES;
				CLANG_WARN_COMMA = YES;
				CLANG_WARN_CONSTANT_CONVERSION = YES;
				CLANG_WARN_DEPRECATED_OBJC_IMPLEMENTATIONS = YES;
				CLANG_WARN_DIRECT_OBJC_ISA_USAGE = YES_ERROR;
				CLANG_WARN_DOCUMENTATION_COMMENTS = YES;
				CLANG_WARN_EMPTY_BODY = YES;
				CLANG_WARN_ENUM_CONVERSION = YES;
				CLANG_WARN_INFINITE_RECURSION = YES;
				CLANG_WARN_INT_CONVERSION = YES;
				CLANG_WARN_NON_LITERAL_NULL_CONVERSION = YES;
				CLANG_WARN_OBJC_IMPLICIT_RETAIN_SELF = YES;
				CLANG_WARN_OBJC_LITERAL_CONVERSION = YES;
				CLANG_WARN_OBJC_ROOT_CLASS = YES_ERROR;
				CLANG_WARN_RANGE_LOOP_ANALYSIS = YES;
				CLANG_WARN_STRICT_PROTOTYPES = YES;
				CLANG_WARN_SUSPICIOUS_MOVE = YES;
				CLANG_WARN_UNGUARDED_AVAILABILITY = YES_AGGRESSIVE;
				CLANG_WARN_UNREACHABLE_CODE = YES;
				CLANG_WARN__DUPLICATE_METHOD_MATCH = YES;
				COPY_PHASE_STRIP = NO;
				DEBUG_INFORMATION_FORMAT = dwarf;
				ENABLE_STRICT_OBJC_MSGSEND = YES;
				ENABLE_TESTABILITY = YES;
				GCC_C_LANGUAGE_STANDARD = gnu11;
				GCC_DYNAMIC_NO_PIC = NO;
				GCC_NO_COMMON_BLOCKS = YES;
				GCC_OPTIMIZATION_LEVEL = 0;
				GCC_PREPROCESSOR_DEFINITIONS = (
					"DEBUG=1",
					"$(inherited)",
				);
				GCC_WARN_64_TO_32_BIT_CONVERSION = YES;
				GCC_WARN_ABOUT_RETURN_TYPE = YES_ERROR;
				GCC_WARN_UNDECLARED_SELECTOR = YES;
				GCC_WARN_UNINITIALIZED_AUTOS = YES_AGGRESSIVE;
				GCC_WARN_UNUSED_FUNCTION = YES;
				GCC_WARN_UNUSED_VARIABLE = YES;
				IPHONEOS_DEPLOYMENT_TARGET = 13.4;
				MTL_ENABLE_DEBUG_INFO = INCLUDE_SOURCE;
				MTL_FAST_MATH = YES;
				ONLY_ACTIVE_ARCH = YES;
				SDKROOT = iphoneos;
				SWIFT_ACTIVE_COMPILATION_CONDITIONS = DEBUG;
				SWIFT_OPTIMIZATION_LEVEL = "-Onone";
			};
			name = Debug;
		};
		C1C394252456844200234A53 /* Release */ = {
			isa = XCBuildConfiguration;
			buildSettings = {
				ALWAYS_SEARCH_USER_PATHS = NO;
				CLANG_ANALYZER_NONNULL = YES;
				CLANG_ANALYZER_NUMBER_OBJECT_CONVERSION = YES_AGGRESSIVE;
				CLANG_CXX_LANGUAGE_STANDARD = "gnu++14";
				CLANG_CXX_LIBRARY = "libc++";
				CLANG_ENABLE_MODULES = YES;
				CLANG_ENABLE_OBJC_ARC = YES;
				CLANG_ENABLE_OBJC_WEAK = YES;
				CLANG_WARN_BLOCK_CAPTURE_AUTORELEASING = YES;
				CLANG_WARN_BOOL_CONVERSION = YES;
				CLANG_WARN_COMMA = YES;
				CLANG_WARN_CONSTANT_CONVERSION = YES;
				CLANG_WARN_DEPRECATED_OBJC_IMPLEMENTATIONS = YES;
				CLANG_WARN_DIRECT_OBJC_ISA_USAGE = YES_ERROR;
				CLANG_WARN_DOCUMENTATION_COMMENTS = YES;
				CLANG_WARN_EMPTY_BODY = YES;
				CLANG_WARN_ENUM_CONVERSION = YES;
				CLANG_WARN_INFINITE_RECURSION = YES;
				CLANG_WARN_INT_CONVERSION = YES;
				CLANG_WARN_NON_LITERAL_NULL_CONVERSION = YES;
				CLANG_WARN_OBJC_IMPLICIT_RETAIN_SELF = YES;
				CLANG_WARN_OBJC_LITERAL_CONVERSION = YES;
				CLANG_WARN_OBJC_ROOT_CLASS = YES_ERROR;
				CLANG_WARN_RANGE_LOOP_ANALYSIS = YES;
				CLANG_WARN_STRICT_PROTOTYPES = YES;
				CLANG_WARN_SUSPICIOUS_MOVE = YES;
				CLANG_WARN_UNGUARDED_AVAILABILITY = YES_AGGRESSIVE;
				CLANG_WARN_UNREACHABLE_CODE = YES;
				CLANG_WARN__DUPLICATE_METHOD_MATCH = YES;
				COPY_PHASE_STRIP = NO;
				DEBUG_INFORMATION_FORMAT = "dwarf-with-dsym";
				ENABLE_NS_ASSERTIONS = NO;
				ENABLE_STRICT_OBJC_MSGSEND = YES;
				GCC_C_LANGUAGE_STANDARD = gnu11;
				GCC_NO_COMMON_BLOCKS = YES;
				GCC_WARN_64_TO_32_BIT_CONVERSION = YES;
				GCC_WARN_ABOUT_RETURN_TYPE = YES_ERROR;
				GCC_WARN_UNDECLARED_SELECTOR = YES;
				GCC_WARN_UNINITIALIZED_AUTOS = YES_AGGRESSIVE;
				GCC_WARN_UNUSED_FUNCTION = YES;
				GCC_WARN_UNUSED_VARIABLE = YES;
				IPHONEOS_DEPLOYMENT_TARGET = 13.4;
				MTL_ENABLE_DEBUG_INFO = NO;
				MTL_FAST_MATH = YES;
				SDKROOT = iphoneos;
				SWIFT_COMPILATION_MODE = wholemodule;
				SWIFT_OPTIMIZATION_LEVEL = "-O";
				VALIDATE_PRODUCT = YES;
			};
			name = Release;
		};
		C1C394272456844200234A53 /* Debug */ = {
			isa = XCBuildConfiguration;
			buildSettings = {
				ASSETCATALOG_COMPILER_APPICON_NAME = AppIcon;
				CODE_SIGN_STYLE = Automatic;
				DEVELOPMENT_TEAM = 86SB4XX6E5;
				INFOPLIST_FILE = Project1/Info.plist;
				LD_RUNPATH_SEARCH_PATHS = (
					"$(inherited)",
					"@executable_path/Frameworks",
				);
				PRODUCT_BUNDLE_IDENTIFIER = com.vecctechsolutions.Project1;
				PRODUCT_NAME = "$(TARGET_NAME)";
				SWIFT_VERSION = 5.0;
				TARGETED_DEVICE_FAMILY = "1,2";
			};
			name = Debug;
		};
		C1C394282456844200234A53 /* Release */ = {
			isa = XCBuildConfiguration;
			buildSettings = {
				ASSETCATALOG_COMPILER_APPICON_NAME = AppIcon;
				CODE_SIGN_STYLE = Automatic;
				DEVELOPMENT_TEAM = 86SB4XX6E5;
				INFOPLIST_FILE = Project1/Info.plist;
				LD_RUNPATH_SEARCH_PATHS = (
					"$(inherited)",
					"@executable_path/Frameworks",
				);
				PRODUCT_BUNDLE_IDENTIFIER = com.vecctechsolutions.Project1;
				PRODUCT_NAME = "$(TARGET_NAME)";
				SWIFT_VERSION = 5.0;
				TARGETED_DEVICE_FAMILY = "1,2";
			};
			name = Release;
		};
/* End XCBuildConfiguration section */

/* Begin XCConfigurationList section */
		C1C3940D2456843F00234A53 /* Build configuration list for PBXProject "Project1" */ = {
			isa = XCConfigurationList;
			buildConfigurations = (
				C1C394242456844200234A53 /* Debug */,
				C1C394252456844200234A53 /* Release */,
			);
			defaultConfigurationIsVisible = 0;
			defaultConfigurationName = Release;
		};
		C1C394262456844200234A53 /* Build configuration list for PBXNativeTarget "Project1" */ = {
			isa = XCConfigurationList;
			buildConfigurations = (
				C1C394272456844200234A53 /* Debug */,
				C1C394282456844200234A53 /* Release */,
			);
			defaultConfigurationIsVisible = 0;
			defaultConfigurationName = Release;
		};
/* End XCConfigurationList section */
	};
	rootObject = C1C3940A2456843F00234A53 /* Project object */;
}
